// !$*UTF8*$!
{
	archiveVersion = 1;
	classes = {
	};
	objectVersion = 46;
	objects = {

/* Begin PBXBuildFile section */
		2D2711151E1A2D0000B26486 /* AppDelegate.swift in Sources */ = {isa = PBXBuildFile; fileRef = 2D2711141E1A2D0000B26486 /* AppDelegate.swift */; };
		2D2711171E1A2D0000B26486 /* ViewController.swift in Sources */ = {isa = PBXBuildFile; fileRef = 2D2711161E1A2D0000B26486 /* ViewController.swift */; };
		2D27111A1E1A2D0000B26486 /* Main.storyboard in Resources */ = {isa = PBXBuildFile; fileRef = 2D2711181E1A2D0000B26486 /* Main.storyboard */; };
		2D27111C1E1A2D0000B26486 /* Assets.xcassets in Resources */ = {isa = PBXBuildFile; fileRef = 2D27111B1E1A2D0000B26486 /* Assets.xcassets */; };
		2D27111F1E1A2D0000B26486 /* LaunchScreen.storyboard in Resources */ = {isa = PBXBuildFile; fileRef = 2D27111D1E1A2D0000B26486 /* LaunchScreen.storyboard */; };
		2D2711281E1A33C000B26486 /* SwiftNoticeKit.swift in Sources */ = {isa = PBXBuildFile; fileRef = 2D2711271E1A33C000B26486 /* SwiftNoticeKit.swift */; };
/* End PBXBuildFile section */

/* Begin PBXFileReference section */
		2D2711111E1A2D0000B26486 /* SwiftNoticeExample.app */ = {isa = PBXFileReference; explicitFileType = wrapper.application; includeInIndex = 0; path = SwiftNoticeExample.app; sourceTree = BUILT_PRODUCTS_DIR; };
		2D2711141E1A2D0000B26486 /* AppDelegate.swift */ = {isa = PBXFileReference; lastKnownFileType = sourcecode.swift; path = AppDelegate.swift; sourceTree = "<group>"; };
		2D2711161E1A2D0000B26486 /* ViewController.swift */ = {isa = PBXFileReference; lastKnownFileType = sourcecode.swift; path = ViewController.swift; sourceTree = "<group>"; };
		2D2711191E1A2D0000B26486 /* Base */ = {isa = PBXFileReference; lastKnownFileType = file.storyboard; name = Base; path = Base.lproj/Main.storyboard; sourceTree = "<group>"; };
		2D27111B1E1A2D0000B26486 /* Assets.xcassets */ = {isa = PBXFileReference; lastKnownFileType = folder.assetcatalog; path = Assets.xcassets; sourceTree = "<group>"; };
		2D27111E1E1A2D0000B26486 /* Base */ = {isa = PBXFileReference; lastKnownFileType = file.storyboard; name = Base; path = Base.lproj/LaunchScreen.storyboard; sourceTree = "<group>"; };
		2D2711201E1A2D0000B26486 /* Info.plist */ = {isa = PBXFileReference; lastKnownFileType = text.plist.xml; path = Info.plist; sourceTree = "<group>"; };
		2D2711271E1A33C000B26486 /* SwiftNoticeKit.swift */ = {isa = PBXFileReference; fileEncoding = 4; lastKnownFileType = sourcecode.swift; path = SwiftNoticeKit.swift; sourceTree = "<group>"; };
/* End PBXFileReference section */

/* Begin PBXFrameworksBuildPhase section */
		2D27110E1E1A2D0000B26486 /* Frameworks */ = {
			isa = PBXFrameworksBuildPhase;
			buildActionMask = 2147483647;
			files = (
			);
			runOnlyForDeploymentPostprocessing = 0;
		};
/* End PBXFrameworksBuildPhase section */

/* Begin PBXGroup section */
		2D2711081E1A2D0000B26486 = {
			isa = PBXGroup;
			children = (
				2D2711131E1A2D0000B26486 /* SwiftNoticeExample */,
				2D2711121E1A2D0000B26486 /* Products */,
			);
			sourceTree = "<group>";
		};
		2D2711121E1A2D0000B26486 /* Products */ = {
			isa = PBXGroup;
			children = (
				2D2711111E1A2D0000B26486 /* SwiftNoticeExample.app */,
			);
			name = Products;
			sourceTree = "<group>";
		};
		2D2711131E1A2D0000B26486 /* SwiftNoticeExample */ = {
			isa = PBXGroup;
			children = (
				2D2711141E1A2D0000B26486 /* AppDelegate.swift */,
				2D2711161E1A2D0000B26486 /* ViewController.swift */,
				2D2711271E1A33C000B26486 /* SwiftNoticeKit.swift */,
				2D2711181E1A2D0000B26486 /* Main.storyboard */,
				2D2711261E1A339800B26486 /* Supporting Files */,
			);
			path = SwiftNoticeExample;
			sourceTree = "<group>";
		};
		2D2711261E1A339800B26486 /* Supporting Files */ = {
			isa = PBXGroup;
			children = (
				2D27111B1E1A2D0000B26486 /* Assets.xcassets */,
				2D27111D1E1A2D0000B26486 /* LaunchScreen.storyboard */,
				2D2711201E1A2D0000B26486 /* Info.plist */,
			);
			name = "Supporting Files";
			sourceTree = "<group>";
		};
/* End PBXGroup section */

/* Begin PBXNativeTarget section */
		2D2711101E1A2D0000B26486 /* SwiftNoticeExample */ = {
			isa = PBXNativeTarget;
			buildConfigurationList = 2D2711231E1A2D0000B26486 /* Build configuration list for PBXNativeTarget "SwiftNoticeExample" */;
			buildPhases = (
				2D27110D1E1A2D0000B26486 /* Sources */,
				2D27110E1E1A2D0000B26486 /* Frameworks */,
				2D27110F1E1A2D0000B26486 /* Resources */,
			);
			buildRules = (
			);
			dependencies = (
			);
			name = SwiftNoticeExample;
			productName = SwiftNoticeExample;
			productReference = 2D2711111E1A2D0000B26486 /* SwiftNoticeExample.app */;
			productType = "com.apple.product-type.application";
		};
/* End PBXNativeTarget section */

/* Begin PBXProject section */
		2D2711091E1A2D0000B26486 /* Project object */ = {
			isa = PBXProject;
			attributes = {
				LastSwiftUpdateCheck = 0820;
				LastUpgradeCheck = 0820;
				ORGANIZATIONNAME = Crazy;
				TargetAttributes = {
					2D2711101E1A2D0000B26486 = {
						CreatedOnToolsVersion = 8.2.1;
						DevelopmentTeam = GF3C8WCZ4C;
						ProvisioningStyle = Automatic;
					};
				};
			};
			buildConfigurationList = 2D27110C1E1A2D0000B26486 /* Build configuration list for PBXProject "SwiftNoticeExample" */;
			compatibilityVersion = "Xcode 3.2";
			developmentRegion = English;
			hasScannedForEncodings = 0;
			knownRegions = (
				en,
				Base,
			);
			mainGroup = 2D2711081E1A2D0000B26486;
			productRefGroup = 2D2711121E1A2D0000B26486 /* Products */;
			projectDirPath = "";
			projectRoot = "";
			targets = (
				2D2711101E1A2D0000B26486 /* SwiftNoticeExample */,
			);
		};
/* End PBXProject section */

/* Begin PBXResourcesBuildPhase section */
		2D27110F1E1A2D0000B26486 /* Resources */ = {
			isa = PBXResourcesBuildPhase;
			buildActionMask = 2147483647;
			files = (
				2D27111F1E1A2D0000B26486 /* LaunchScreen.storyboard in Resources */,
				2D27111C1E1A2D0000B26486 /* Assets.xcassets in Resources */,
				2D27111A1E1A2D0000B26486 /* Main.storyboard in Resources */,
			);
			runOnlyForDeploymentPostprocessing = 0;
		};
/* End PBXResourcesBuildPhase section */

/* Begin PBXSourcesBuildPhase section */
		2D27110D1E1A2D0000B26486 /* Sources */ = {
			isa = PBXSourcesBuildPhase;
			buildActionMask = 2147483647;
			files = (
				2D2711171E1A2D0000B26486 /* ViewController.swift in Sources */,
				2D2711281E1A33C000B26486 /* SwiftNoticeKit.swift in Sources */,
				2D2711151E1A2D0000B26486 /* AppDelegate.swift in Sources */,
			);
			runOnlyForDeploymentPostprocessing = 0;
		};
/* End PBXSourcesBuildPhase section */

/* Begin PBXVariantGroup section */
		2D2711181E1A2D0000B26486 /* Main.storyboard */ = {
			isa = PBXVariantGroup;
			children = (
				2D2711191E1A2D0000B26486 /* Base */,
			);
			name = Main.storyboard;
			sourceTree = "<group>";
		};
		2D27111D1E1A2D0000B26486 /* LaunchScreen.storyboard */ = {
			isa = PBXVariantGroup;
			children = (
				2D27111E1E1A2D0000B26486 /* Base */,
			);
			name = LaunchScreen.storyboard;
			sourceTree = "<group>";
		};
/* End PBXVariantGroup section */

/* Begin XCBuildConfiguration section */
		2D2711211E1A2D0000B26486 /* Debug */ = {
			isa = XCBuildConfiguration;
			buildSettings = {
				ALWAYS_SEARCH_USER_PATHS = NO;
				CLANG_ANALYZER_NONNULL = YES;
				CLANG_CXX_LANGUAGE_STANDARD = "gnu++0x";
				CLANG_CXX_LIBRARY = "libc++";
				CLANG_ENABLE_MODULES = YES;
				CLANG_ENABLE_OBJC_ARC = YES;
				CLANG_WARN_BOOL_CONVERSION = YES;
				CLANG_WARN_CONSTANT_CONVERSION = YES;
				CLANG_WARN_DIRECT_OBJC_ISA_USAGE = YES_ERROR;
				CLANG_WARN_DOCUMENTATION_COMMENTS = YES;
				CLANG_WARN_EMPTY_BODY = YES;
				CLANG_WARN_ENUM_CONVERSION = YES;
				CLANG_WARN_INFINITE_RECURSION = YES;
				CLANG_WARN_INT_CONVERSION = YES;
				CLANG_WARN_OBJC_ROOT_CLASS = YES_ERROR;
				CLANG_WARN_SUSPICIOUS_MOVE = YES;
				CLANG_WARN_UNREACHABLE_CODE = YES;
				CLANG_WARN__DUPLICATE_METHOD_MATCH = YES;
				"CODE_SIGN_IDENTITY[sdk=iphoneos*]" = "iPhone Developer";
				COPY_PHASE_STRIP = NO;
				DEBUG_INFORMATION_FORMAT = dwarf;
				ENABLE_STRICT_OBJC_MSGSEND = YES;
				ENABLE_TESTABILITY = YES;
				GCC_C_LANGUAGE_STANDARD = gnu99;
				GCC_DYNAMIC_NO_PIC = NO;
				GCC_NO_COMMON_BLOCKS = YES;
				GCC_OPTIMIZATION_LEVEL = 0;
				GCC_PREPROCESSOR_DEFINITIONS = (
					"DEBUG=1",
					"$(inherited)",
				);
				GCC_WARN_64_TO_32_BIT_CONVERSION = YES;
				GCC_WARN_ABOUT_RETURN_TYPE = YES_ERROR;
				GCC_WARN_UNDECLARED_SELECTOR = YES;
				GCC_WARN_UNINITIALIZED_AUTOS = YES_AGGRESSIVE;
				GCC_WARN_UNUSED_FUNCTION = YES;
				GCC_WARN_UNUSED_VARIABLE = YES;
				IPHONEOS_DEPLOYMENT_TARGET = 10.2;
				MTL_ENABLE_DEBUG_INFO = YES;
				ONLY_ACTIVE_ARCH = YES;
				SDKROOT = iphoneos;
				SWIFT_ACTIVE_COMPILATION_CONDITIONS = DEBUG;
				SWIFT_OPTIMIZATION_LEVEL = "-Onone";
			};
			name = Debug;
		};
		2D2711221E1A2D0000B26486 /* Release */ = {
			isa = XCBuildConfiguration;
			buildSettings = {
				ALWAYS_SEARCH_USER_PATHS = NO;
				CLANG_ANALYZER_NONNULL = YES;
				CLANG_CXX_LANGUAGE_STANDARD = "gnu++0x";
				CLANG_CXX_LIBRARY = "libc++";
				CLANG_ENABLE_MODULES = YES;
				CLANG_ENABLE_OBJC_ARC = YES;
				CLANG_WARN_BOOL_CONVERSION = YES;
				CLANG_WARN_CONSTANT_CONVERSION = YES;
				CLANG_WARN_DIRECT_OBJC_ISA_USAGE = YES_ERROR;
				CLANG_WARN_DOCUMENTATION_COMMENTS = YES;
				CLANG_WARN_EMPTY_BODY = YES;
				CLANG_WARN_ENUM_CONVERSION = YES;
				CLANG_WARN_INFINITE_RECURSION = YES;
				CLANG_WARN_INT_CONVERSION = YES;
				CLANG_WARN_OBJC_ROOT_CLASS = YES_ERROR;
				CLANG_WARN_SUSPICIOUS_MOVE = YES;
				CLANG_WARN_UNREACHABLE_CODE = YES;
				CLANG_WARN__DUPLICATE_METHOD_MATCH = YES;
				"CODE_SIGN_IDENTITY[sdk=iphoneos*]" = "iPhone Developer";
				COPY_PHASE_STRIP = NO;
				DEBUG_INFORMATION_FORMAT = "dwarf-with-dsym";
				ENABLE_NS_ASSERTIONS = NO;
				ENABLE_STRICT_OBJC_MSGSEND = YES;
				GCC_C_LANGUAGE_STANDARD = gnu99;
				GCC_NO_COMMON_BLOCKS = YES;
				GCC_WARN_64_TO_32_BIT_CONVERSION = YES;
				GCC_WARN_ABOUT_RETURN_TYPE = YES_ERROR;
				GCC_WARN_UNDECLARED_SELECTOR = YES;
				GCC_WARN_UNINITIALIZED_AUTOS = YES_AGGRESSIVE;
				GCC_WARN_UNUSED_FUNCTION = YES;
				GCC_WARN_UNUSED_VARIABLE = YES;
				IPHONEOS_DEPLOYMENT_TARGET = 10.2;
				MTL_ENABLE_DEBUG_INFO = NO;
				SDKROOT = iphoneos;
				SWIFT_OPTIMIZATION_LEVEL = "-Owholemodule";
				VALIDATE_PRODUCT = YES;
			};
			name = Release;
		};
		2D2711241E1A2D0000B26486 /* Debug */ = {
			isa = XCBuildConfiguration;
			buildSettings = {
				ASSETCATALOG_COMPILER_APPICON_NAME = AppIcon;
				DEVELOPMENT_TEAM = GF3C8WCZ4C;
				INFOPLIST_FILE = SwiftNoticeExample/Info.plist;
				LD_RUNPATH_SEARCH_PATHS = "$(inherited) @executable_path/Frameworks";
				PRODUCT_BUNDLE_IDENTIFIER = com.Zly.SwiftNoticeExample;
				PRODUCT_NAME = "$(TARGET_NAME)";
				SWIFT_VERSION = 3.0;
			};
			name = Debug;
		};
		2D2711251E1A2D0000B26486 /* Release */ = {
			isa = XCBuildConfiguration;
			buildSettings = {
				ASSETCATALOG_COMPILER_APPICON_NAME = AppIcon;
				DEVELOPMENT_TEAM = GF3C8WCZ4C;
				INFOPLIST_FILE = SwiftNoticeExample/Info.plist;
				LD_RUNPATH_SEARCH_PATHS = "$(inherited) @executable_path/Frameworks";
				PRODUCT_BUNDLE_IDENTIFIER = com.Zly.SwiftNoticeExample;
				PRODUCT_NAME = "$(TARGET_NAME)";
				SWIFT_VERSION = 3.0;
			};
			name = Release;
		};
/* End XCBuildConfiguration section */

/* Begin XCConfigurationList section */
		2D27110C1E1A2D0000B26486 /* Build configuration list for PBXProject "SwiftNoticeExample" */ = {
			isa = XCConfigurationList;
			buildConfigurations = (
				2D2711211E1A2D0000B26486 /* Debug */,
				2D2711221E1A2D0000B26486 /* Release */,
			);
			defaultConfigurationIsVisible = 0;
			defaultConfigurationName = Release;
		};
		2D2711231E1A2D0000B26486 /* Build configuration list for PBXNativeTarget "SwiftNoticeExample" */ = {
			isa = XCConfigurationList;
			buildConfigurations = (
				2D2711241E1A2D0000B26486 /* Debug */,
				2D2711251E1A2D0000B26486 /* Release */,
			);
			defaultConfigurationIsVisible = 0;
		};
/* End XCConfigurationList section */
	};
	rootObject = 2D2711091E1A2D0000B26486 /* Project object */;
}
